
Microsoft Visual Studio Solution File, Format Version 12.00
# Visual Studio Version 17
VisualStudioVersion = 17.3.32901.215
MinimumVisualStudioVersion = 10.0.40219.1
Project("{2150E333-8FDC-42A3-9474-1A3956D46DE8}") = "Databases", "Databases", "{B27DE472-565A-43FA-8617-3813F77EDE2F}"
EndProject
Project("{00D1A9C2-B5F0-4AF3-8072-F6C62B433612}") = "ht.access.v2", "Database\ht.access.v2\ht.access.v2.sqlproj", "{820F1986-C73F-4BAD-B741-B669B679A55C}"
EndProject
Global
	GlobalSection(SolutionConfigurationPlatforms) = preSolution
		Debug|Any CPU = Debug|Any CPU
		Release|Any CPU = Release|Any CPU
	EndGlobalSection
	GlobalSection(ProjectConfigurationPlatforms) = postSolution
		{820F1986-C73F-4BAD-B741-B669B679A55C}.Debug|Any CPU.ActiveCfg = Debug|Any CPU
		{820F1986-C73F-4BAD-B741-B669B679A55C}.Debug|Any CPU.Build.0 = Debug|Any CPU
		{820F1986-C73F-4BAD-B741-B669B679A55C}.Debug|Any CPU.Deploy.0 = Debug|Any CPU
		{820F1986-C73F-4BAD-B741-B669B679A55C}.Release|Any CPU.ActiveCfg = Release|Any CPU
		{820F1986-C73F-4BAD-B741-B669B679A55C}.Release|Any CPU.Build.0 = Release|Any CPU
		{820F1986-C73F-4BAD-B741-B669B679A55C}.Release|Any CPU.Deploy.0 = Release|Any CPU
	EndGlobalSection
	GlobalSection(SolutionProperties) = preSolution
		HideSolutionNode = FALSE
	EndGlobalSection
	GlobalSection(NestedProjects) = preSolution
		{820F1986-C73F-4BAD-B741-B669B679A55C} = {B27DE472-565A-43FA-8617-3813F77EDE2F}
	EndGlobalSection
	GlobalSection(ExtensibilityGlobals) = postSolution
		SolutionGuid = {ADAD06B4-4064-41A5-B507-804D6893AD68}
	EndGlobalSection
EndGlobal
